
Microsoft Visual Studio Solution File, Format Version 12.00
# Visual Studio Version 16
VisualStudioVersion = 16.0.30717.126
MinimumVisualStudioVersion = 10.0.40219.1
Project("{FAE04EC0-301F-11D3-BF4B-00C04F79EFBC}") = "eProdaja", "eProdaja\eProdaja.csproj", "{A9D090D1-7578-4CBB-9311-71F40D7A314D}"
EndProject
Global
	GlobalSection(SolutionConfigurationPlatforms) = preSolution
		Debug|Any CPU = Debug|Any CPU
		Release|Any CPU = Release|Any CPU
	EndGlobalSection
	GlobalSection(ProjectConfigurationPlatforms) = postSolution
		{A9D090D1-7578-4CBB-9311-71F40D7A314D}.Debug|Any CPU.ActiveCfg = Debug|Any CPU
		{A9D090D1-7578-4CBB-9311-71F40D7A314D}.Debug|Any CPU.Build.0 = Debug|Any CPU
		{A9D090D1-7578-4CBB-9311-71F40D7A314D}.Release|Any CPU.ActiveCfg = Release|Any CPU
		{A9D090D1-7578-4CBB-9311-71F40D7A314D}.Release|Any CPU.Build.0 = Release|Any CPU
	EndGlobalSection
	GlobalSection(SolutionProperties) = preSolution
		HideSolutionNode = FALSE
	EndGlobalSection
	GlobalSection(ExtensibilityGlobals) = postSolution
		SolutionGuid = {A63C847C-853A-4E66-92FD-4D5FB18E45D4}
	EndGlobalSection
EndGlobal
